
Microsoft Visual Studio Solution File, Format Version 12.00
# Visual Studio Version 17
VisualStudioVersion = 17.7.34003.232
MinimumVisualStudioVersion = 10.0.40219.1
Project("{FAE04EC0-301F-11D3-BF4B-00C04F79EFBC}") = "Task01_26", "Task01_26\Task01_26.csproj", "{C398C311-D43A-483C-A597-680A06B97B93}"
EndProject
Global
	GlobalSection(SolutionConfigurationPlatforms) = preSolution
		Debug|Any CPU = Debug|Any CPU
		Release|Any CPU = Release|Any CPU
	EndGlobalSection
	GlobalSection(ProjectConfigurationPlatforms) = postSolution
		{C398C311-D43A-483C-A597-680A06B97B93}.Debug|Any CPU.ActiveCfg = Debug|Any CPU
		{C398C311-D43A-483C-A597-680A06B97B93}.Debug|Any CPU.Build.0 = Debug|Any CPU
		{C398C311-D43A-483C-A597-680A06B97B93}.Release|Any CPU.ActiveCfg = Release|Any CPU
		{C398C311-D43A-483C-A597-680A06B97B93}.Release|Any CPU.Build.0 = Release|Any CPU
	EndGlobalSection
	GlobalSection(SolutionProperties) = preSolution
		HideSolutionNode = FALSE
	EndGlobalSection
	GlobalSection(ExtensibilityGlobals) = postSolution
		SolutionGuid = {DBD326BE-0F9A-42C3-BB54-78E963A4822F}
	EndGlobalSection
EndGlobal
